// !$*UTF8*$!
{
	archiveVersion = 1;
	classes = {
	};
	objectVersion = 46;
	objects = {

/* Begin PBXBuildFile section */
		468DA3C81B9EFBE2003DE661 /* AppDelegate.swift in Sources */ = {isa = PBXBuildFile; fileRef = 468DA3C71B9EFBE2003DE661 /* AppDelegate.swift */; };
		468DA3CA1B9EFBE2003DE661 /* ViewController.swift in Sources */ = {isa = PBXBuildFile; fileRef = 468DA3C91B9EFBE2003DE661 /* ViewController.swift */; };
		468DA3CD1B9EFBE2003DE661 /* Main.storyboard in Resources */ = {isa = PBXBuildFile; fileRef = 468DA3CB1B9EFBE2003DE661 /* Main.storyboard */; };
		468DA3CF1B9EFBE2003DE661 /* Images.xcassets in Resources */ = {isa = PBXBuildFile; fileRef = 468DA3CE1B9EFBE2003DE661 /* Images.xcassets */; };
		468DA3D21B9EFBE2003DE661 /* LaunchScreen.xib in Resources */ = {isa = PBXBuildFile; fileRef = 468DA3D01B9EFBE2003DE661 /* LaunchScreen.xib */; };
		468DA3DE1B9EFBE2003DE661 /* PersistenceTests.swift in Sources */ = {isa = PBXBuildFile; fileRef = 468DA3DD1B9EFBE2003DE661 /* PersistenceTests.swift */; };
/* End PBXBuildFile section */

/* Begin PBXContainerItemProxy section */
		468DA3D81B9EFBE2003DE661 /* PBXContainerItemProxy */ = {
			isa = PBXContainerItemProxy;
			containerPortal = 468DA3BA1B9EFBE2003DE661 /* Project object */;
			proxyType = 1;
			remoteGlobalIDString = 468DA3C11B9EFBE2003DE661;
			remoteInfo = Persistence;
		};
/* End PBXContainerItemProxy section */

/* Begin PBXFileReference section */
		468DA3C21B9EFBE2003DE661 /* Persistence.app */ = {isa = PBXFileReference; explicitFileType = wrapper.application; includeInIndex = 0; path = Persistence.app; sourceTree = BUILT_PRODUCTS_DIR; };
		468DA3C61B9EFBE2003DE661 /* Info.plist */ = {isa = PBXFileReference; lastKnownFileType = text.plist.xml; path = Info.plist; sourceTree = "<group>"; };
		468DA3C71B9EFBE2003DE661 /* AppDelegate.swift */ = {isa = PBXFileReference; lastKnownFileType = sourcecode.swift; path = AppDelegate.swift; sourceTree = "<group>"; };
		468DA3C91B9EFBE2003DE661 /* ViewController.swift */ = {isa = PBXFileReference; lastKnownFileType = sourcecode.swift; path = ViewController.swift; sourceTree = "<group>"; };
		468DA3CC1B9EFBE2003DE661 /* Base */ = {isa = PBXFileReference; lastKnownFileType = file.storyboard; name = Base; path = Base.lproj/Main.storyboard; sourceTree = "<group>"; };
		468DA3CE1B9EFBE2003DE661 /* Images.xcassets */ = {isa = PBXFileReference; lastKnownFileType = folder.assetcatalog; path = Images.xcassets; sourceTree = "<group>"; };
		468DA3D11B9EFBE2003DE661 /* Base */ = {isa = PBXFileReference; lastKnownFileType = file.xib; name = Base; path = Base.lproj/LaunchScreen.xib; sourceTree = "<group>"; };
		468DA3D71B9EFBE2003DE661 /* PersistenceTests.xctest */ = {isa = PBXFileReference; explicitFileType = wrapper.cfbundle; includeInIndex = 0; path = PersistenceTests.xctest; sourceTree = BUILT_PRODUCTS_DIR; };
		468DA3DC1B9EFBE2003DE661 /* Info.plist */ = {isa = PBXFileReference; lastKnownFileType = text.plist.xml; path = Info.plist; sourceTree = "<group>"; };
		468DA3DD1B9EFBE2003DE661 /* PersistenceTests.swift */ = {isa = PBXFileReference; lastKnownFileType = sourcecode.swift; path = PersistenceTests.swift; sourceTree = "<group>"; };
/* End PBXFileReference section */

/* Begin PBXFrameworksBuildPhase section */
		468DA3BF1B9EFBE2003DE661 /* Frameworks */ = {
			isa = PBXFrameworksBuildPhase;
			buildActionMask = 2147483647;
			files = (
			);
			runOnlyForDeploymentPostprocessing = 0;
		};
		468DA3D41B9EFBE2003DE661 /* Frameworks */ = {
			isa = PBXFrameworksBuildPhase;
			buildActionMask = 2147483647;
			files = (
			);
			runOnlyForDeploymentPostprocessing = 0;
		};
/* End PBXFrameworksBuildPhase section */

/* Begin PBXGroup section */
		468DA3B91B9EFBE2003DE661 = {
			isa = PBXGroup;
			children = (
				468DA3C41B9EFBE2003DE661 /* Persistence */,
				468DA3DA1B9EFBE2003DE661 /* PersistenceTests */,
				468DA3C31B9EFBE2003DE661 /* Products */,
			);
			sourceTree = "<group>";
		};
		468DA3C31B9EFBE2003DE661 /* Products */ = {
			isa = PBXGroup;
			children = (
				468DA3C21B9EFBE2003DE661 /* Persistence.app */,
				468DA3D71B9EFBE2003DE661 /* PersistenceTests.xctest */,
			);
			name = Products;
			sourceTree = "<group>";
		};
		468DA3C41B9EFBE2003DE661 /* Persistence */ = {
			isa = PBXGroup;
			children = (
				468DA3C71B9EFBE2003DE661 /* AppDelegate.swift */,
				468DA3C91B9EFBE2003DE661 /* ViewController.swift */,
				468DA3CB1B9EFBE2003DE661 /* Main.storyboard */,
				468DA3CE1B9EFBE2003DE661 /* Images.xcassets */,
				468DA3D01B9EFBE2003DE661 /* LaunchScreen.xib */,
				468DA3C51B9EFBE2003DE661 /* Supporting Files */,
			);
			path = Persistence;
			sourceTree = "<group>";
		};
		468DA3C51B9EFBE2003DE661 /* Supporting Files */ = {
			isa = PBXGroup;
			children = (
				468DA3C61B9EFBE2003DE661 /* Info.plist */,
			);
			name = "Supporting Files";
			sourceTree = "<group>";
		};
		468DA3DA1B9EFBE2003DE661 /* PersistenceTests */ = {
			isa = PBXGroup;
			children = (
				468DA3DD1B9EFBE2003DE661 /* PersistenceTests.swift */,
				468DA3DB1B9EFBE2003DE661 /* Supporting Files */,
			);
			path = PersistenceTests;
			sourceTree = "<group>";
		};
		468DA3DB1B9EFBE2003DE661 /* Supporting Files */ = {
			isa = PBXGroup;
			children = (
				468DA3DC1B9EFBE2003DE661 /* Info.plist */,
			);
			name = "Supporting Files";
			sourceTree = "<group>";
		};
/* End PBXGroup section */

/* Begin PBXNativeTarget section */
		468DA3C11B9EFBE2003DE661 /* Persistence */ = {
			isa = PBXNativeTarget;
			buildConfigurationList = 468DA3E11B9EFBE2003DE661 /* Build configuration list for PBXNativeTarget "Persistence" */;
			buildPhases = (
				468DA3BE1B9EFBE2003DE661 /* Sources */,
				468DA3BF1B9EFBE2003DE661 /* Frameworks */,
				468DA3C01B9EFBE2003DE661 /* Resources */,
			);
			buildRules = (
			);
			dependencies = (
			);
			name = Persistence;
			productName = Persistence;
			productReference = 468DA3C21B9EFBE2003DE661 /* Persistence.app */;
			productType = "com.apple.product-type.application";
		};
		468DA3D61B9EFBE2003DE661 /* PersistenceTests */ = {
			isa = PBXNativeTarget;
			buildConfigurationList = 468DA3E41B9EFBE2003DE661 /* Build configuration list for PBXNativeTarget "PersistenceTests" */;
			buildPhases = (
				468DA3D31B9EFBE2003DE661 /* Sources */,
				468DA3D41B9EFBE2003DE661 /* Frameworks */,
				468DA3D51B9EFBE2003DE661 /* Resources */,
			);
			buildRules = (
			);
			dependencies = (
				468DA3D91B9EFBE2003DE661 /* PBXTargetDependency */,
			);
			name = PersistenceTests;
			productName = PersistenceTests;
			productReference = 468DA3D71B9EFBE2003DE661 /* PersistenceTests.xctest */;
			productType = "com.apple.product-type.bundle.unit-test";
		};
/* End PBXNativeTarget section */

/* Begin PBXProject section */
		468DA3BA1B9EFBE2003DE661 /* Project object */ = {
			isa = PBXProject;
			attributes = {
				LastUpgradeCheck = 0640;
				ORGANIZATIONNAME = Apress;
				TargetAttributes = {
					468DA3C11B9EFBE2003DE661 = {
						CreatedOnToolsVersion = 6.4;
					};
					468DA3D61B9EFBE2003DE661 = {
						CreatedOnToolsVersion = 6.4;
						TestTargetID = 468DA3C11B9EFBE2003DE661;
					};
				};
			};
			buildConfigurationList = 468DA3BD1B9EFBE2003DE661 /* Build configuration list for PBXProject "Persistence" */;
			compatibilityVersion = "Xcode 3.2";
			developmentRegion = English;
			hasScannedForEncodings = 0;
			knownRegions = (
				en,
				Base,
			);
			mainGroup = 468DA3B91B9EFBE2003DE661;
			productRefGroup = 468DA3C31B9EFBE2003DE661 /* Products */;
			projectDirPath = "";
			projectRoot = "";
			targets = (
				468DA3C11B9EFBE2003DE661 /* Persistence */,
				468DA3D61B9EFBE2003DE661 /* PersistenceTests */,
			);
		};
/* End PBXProject section */

/* Begin PBXResourcesBuildPhase section */
		468DA3C01B9EFBE2003DE661 /* Resources */ = {
			isa = PBXResourcesBuildPhase;
			buildActionMask = 2147483647;
			files = (
				468DA3CD1B9EFBE2003DE661 /* Main.storyboard in Resources */,
				468DA3D21B9EFBE2003DE661 /* LaunchScreen.xib in Resources */,
				468DA3CF1B9EFBE2003DE661 /* Images.xcassets in Resources */,
			);
			runOnlyForDeploymentPostprocessing = 0;
		};
		468DA3D51B9EFBE2003DE661 /* Resources */ = {
			isa = PBXResourcesBuildPhase;
			buildActionMask = 2147483647;
			files = (
			);
			runOnlyForDeploymentPostprocessing = 0;
		};
/* End PBXResourcesBuildPhase section */

/* Begin PBXSourcesBuildPhase section */
		468DA3BE1B9EFBE2003DE661 /* Sources */ = {
			isa = PBXSourcesBuildPhase;
			buildActionMask = 2147483647;
			files = (
				468DA3CA1B9EFBE2003DE661 /* ViewController.swift in Sources */,
				468DA3C81B9EFBE2003DE661 /* AppDelegate.swift in Sources */,
			);
			runOnlyForDeploymentPostprocessing = 0;
		};
		468DA3D31B9EFBE2003DE661 /* Sources */ = {
			isa = PBXSourcesBuildPhase;
			buildActionMask = 2147483647;
			files = (
				468DA3DE1B9EFBE2003DE661 /* PersistenceTests.swift in Sources */,
			);
			runOnlyForDeploymentPostprocessing = 0;
		};
/* End PBXSourcesBuildPhase section */

/* Begin PBXTargetDependency section */
		468DA3D91B9EFBE2003DE661 /* PBXTargetDependency */ = {
			isa = PBXTargetDependency;
			target = 468DA3C11B9EFBE2003DE661 /* Persistence */;
			targetProxy = 468DA3D81B9EFBE2003DE661 /* PBXContainerItemProxy */;
		};
/* End PBXTargetDependency section */

/* Begin PBXVariantGroup section */
		468DA3CB1B9EFBE2003DE661 /* Main.storyboard */ = {
			isa = PBXVariantGroup;
			children = (
				468DA3CC1B9EFBE2003DE661 /* Base */,
			);
			name = Main.storyboard;
			sourceTree = "<group>";
		};
		468DA3D01B9EFBE2003DE661 /* LaunchScreen.xib */ = {
			isa = PBXVariantGroup;
			children = (
				468DA3D11B9EFBE2003DE661 /* Base */,
			);
			name = LaunchScreen.xib;
			sourceTree = "<group>";
		};
/* End PBXVariantGroup section */

/* Begin XCBuildConfiguration section */
		468DA3DF1B9EFBE2003DE661 /* Debug */ = {
			isa = XCBuildConfiguration;
			buildSettings = {
				ALWAYS_SEARCH_USER_PATHS = NO;
				CLANG_CXX_LANGUAGE_STANDARD = "gnu++0x";
				CLANG_CXX_LIBRARY = "libc++";
				CLANG_ENABLE_MODULES = YES;
				CLANG_ENABLE_OBJC_ARC = YES;
				CLANG_WARN_BOOL_CONVERSION = YES;
				CLANG_WARN_CONSTANT_CONVERSION = YES;
				CLANG_WARN_DIRECT_OBJC_ISA_USAGE = YES_ERROR;
				CLANG_WARN_EMPTY_BODY = YES;
				CLANG_WARN_ENUM_CONVERSION = YES;
				CLANG_WARN_INT_CONVERSION = YES;
				CLANG_WARN_OBJC_ROOT_CLASS = YES_ERROR;
				CLANG_WARN_UNREACHABLE_CODE = YES;
				CLANG_WARN__DUPLICATE_METHOD_MATCH = YES;
				"CODE_SIGN_IDENTITY[sdk=iphoneos*]" = "iPhone Developer";
				COPY_PHASE_STRIP = NO;
				DEBUG_INFORMATION_FORMAT = "dwarf-with-dsym";
				ENABLE_STRICT_OBJC_MSGSEND = YES;
				GCC_C_LANGUAGE_STANDARD = gnu99;
				GCC_DYNAMIC_NO_PIC = NO;
				GCC_NO_COMMON_BLOCKS = YES;
				GCC_OPTIMIZATION_LEVEL = 0;
				GCC_PREPROCESSOR_DEFINITIONS = (
					"DEBUG=1",
					"$(inherited)",
				);
				GCC_SYMBOLS_PRIVATE_EXTERN = NO;
				GCC_WARN_64_TO_32_BIT_CONVERSION = YES;
				GCC_WARN_ABOUT_RETURN_TYPE = YES_ERROR;
				GCC_WARN_UNDECLARED_SELECTOR = YES;
				GCC_WARN_UNINITIALIZED_AUTOS = YES_AGGRESSIVE;
				GCC_WARN_UNUSED_FUNCTION = YES;
				GCC_WARN_UNUSED_VARIABLE = YES;
				IPHONEOS_DEPLOYMENT_TARGET = 8.4;
				MTL_ENABLE_DEBUG_INFO = YES;
				ONLY_ACTIVE_ARCH = YES;
				SDKROOT = iphoneos;
				SWIFT_OPTIMIZATION_LEVEL = "-Onone";
				TARGETED_DEVICE_FAMILY = "1,2";
			};
			name = Debug;
		};
		468DA3E01B9EFBE2003DE661 /* Release */ = {
			isa = XCBuildConfiguration;
			buildSettings = {
				ALWAYS_SEARCH_USER_PATHS = NO;
				CLANG_CXX_LANGUAGE_STANDARD = "gnu++0x";
				CLANG_CXX_LIBRARY = "libc++";
				CLANG_ENABLE_MODULES = YES;
				CLANG_ENABLE_OBJC_ARC = YES;
				CLANG_WARN_BOOL_CONVERSION = YES;
				CLANG_WARN_CONSTANT_CONVERSION = YES;
				CLANG_WARN_DIRECT_OBJC_ISA_USAGE = YES_ERROR;
				CLANG_WARN_EMPTY_BODY = YES;
				CLANG_WARN_ENUM_CONVERSION = YES;
				CLANG_WARN_INT_CONVERSION = YES;
				CLANG_WARN_OBJC_ROOT_CLASS = YES_ERROR;
				CLANG_WARN_UNREACHABLE_CODE = YES;
				CLANG_WARN__DUPLICATE_METHOD_MATCH = YES;
				"CODE_SIGN_IDENTITY[sdk=iphoneos*]" = "iPhone Developer";
				COPY_PHASE_STRIP = NO;
				DEBUG_INFORMATION_FORMAT = "dwarf-with-dsym";
				ENABLE_NS_ASSERTIONS = NO;
				ENABLE_STRICT_OBJC_MSGSEND = YES;
				GCC_C_LANGUAGE_STANDARD = gnu99;
				GCC_NO_COMMON_BLOCKS = YES;
				GCC_WARN_64_TO_32_BIT_CONVERSION = YES;
				GCC_WARN_ABOUT_RETURN_TYPE = YES_ERROR;
				GCC_WARN_UNDECLARED_SELECTOR = YES;
				GCC_WARN_UNINITIALIZED_AUTOS = YES_AGGRESSIVE;
				GCC_WARN_UNUSED_FUNCTION = YES;
				GCC_WARN_UNUSED_VARIABLE = YES;
				IPHONEOS_DEPLOYMENT_TARGET = 8.4;
				MTL_ENABLE_DEBUG_INFO = NO;
				SDKROOT = iphoneos;
				TARGETED_DEVICE_FAMILY = "1,2";
				VALIDATE_PRODUCT = YES;
			};
			name = Release;
		};
		468DA3E21B9EFBE2003DE661 /* Debug */ = {
			isa = XCBuildConfiguration;
			buildSettings = {
				ASSETCATALOG_COMPILER_APPICON_NAME = AppIcon;
				INFOPLIST_FILE = Persistence/Info.plist;
				LD_RUNPATH_SEARCH_PATHS = "$(inherited) @executable_path/Frameworks";
				PRODUCT_NAME = "$(TARGET_NAME)";
			};
			name = Debug;
		};
		468DA3E31B9EFBE2003DE661 /* Release */ = {
			isa = XCBuildConfiguration;
			buildSettings = {
				ASSETCATALOG_COMPILER_APPICON_NAME = AppIcon;
				INFOPLIST_FILE = Persistence/Info.plist;
				LD_RUNPATH_SEARCH_PATHS = "$(inherited) @executable_path/Frameworks";
				PRODUCT_NAME = "$(TARGET_NAME)";
			};
			name = Release;
		};
		468DA3E51B9EFBE2003DE661 /* Debug */ = {
			isa = XCBuildConfiguration;
			buildSettings = {
				BUNDLE_LOADER = "$(TEST_HOST)";
				FRAMEWORK_SEARCH_PATHS = (
					"$(SDKROOT)/Developer/Library/Frameworks",
					"$(inherited)",
				);
				GCC_PREPROCESSOR_DEFINITIONS = (
					"DEBUG=1",
					"$(inherited)",
				);
				INFOPLIST_FILE = PersistenceTests/Info.plist;
				LD_RUNPATH_SEARCH_PATHS = "$(inherited) @executable_path/Frameworks @loader_path/Frameworks";
				PRODUCT_NAME = "$(TARGET_NAME)";
				TEST_HOST = "$(BUILT_PRODUCTS_DIR)/Persistence.app/Persistence";
			};
			name = Debug;
		};
		468DA3E61B9EFBE2003DE661 /* Release */ = {
			isa = XCBuildConfiguration;
			buildSettings = {
				BUNDLE_LOADER = "$(TEST_HOST)";
				FRAMEWORK_SEARCH_PATHS = (
					"$(SDKROOT)/Developer/Library/Frameworks",
					"$(inherited)",
				);
				INFOPLIST_FILE = PersistenceTests/Info.plist;
				LD_RUNPATH_SEARCH_PATHS = "$(inherited) @executable_path/Frameworks @loader_path/Frameworks";
				PRODUCT_NAME = "$(TARGET_NAME)";
				TEST_HOST = "$(BUILT_PRODUCTS_DIR)/Persistence.app/Persistence";
			};
			name = Release;
		};
/* End XCBuildConfiguration section */

/* Begin XCConfigurationList section */
		468DA3BD1B9EFBE2003DE661 /* Build configuration list for PBXProject "Persistence" */ = {
			isa = XCConfigurationList;
			buildConfigurations = (
				468DA3DF1B9EFBE2003DE661 /* Debug */,
				468DA3E01B9EFBE2003DE661 /* Release */,
			);
			defaultConfigurationIsVisible = 0;
			defaultConfigurationName = Release;
		};
		468DA3E11B9EFBE2003DE661 /* Build configuration list for PBXNativeTarget "Persistence" */ = {
			isa = XCConfigurationList;
			buildConfigurations = (
				468DA3E21B9EFBE2003DE661 /* Debug */,
				468DA3E31B9EFBE2003DE661 /* Release */,
			);
			defaultConfigurationIsVisible = 0;
		};
		468DA3E41B9EFBE2003DE661 /* Build configuration list for PBXNativeTarget "PersistenceTests" */ = {
			isa = XCConfigurationList;
			buildConfigurations = (
				468DA3E51B9EFBE2003DE661 /* Debug */,
				468DA3E61B9EFBE2003DE661 /* Release */,
			);
			defaultConfigurationIsVisible = 0;
		};
/* End XCConfigurationList section */
	};
	rootObject = 468DA3BA1B9EFBE2003DE661 /* Project object */;
}
